
Microsoft Visual Studio Solution File, Format Version 12.00
# Visual Studio 15
VisualStudioVersion = 15.0.26124.0
MinimumVisualStudioVersion = 15.0.26124.0
Project("{F2A71F9B-5D33-465A-A702-920D77279786}") = "dep2", "dep2\dep2.fsproj", "{570E26C6-F0B0-4E23-B9A0-B16E73A7F5B0}"
EndProject
Project("{F2A71F9B-5D33-465A-A702-920D77279786}") = "dep1", "dep1\dep1.fsproj", "{7CB65E3C-EF2D-4F6A-96D1-247B952C0A11}"
EndProject
Project("{F2A71F9B-5D33-465A-A702-920D77279786}") = "main", "main\main.fsproj", "{58D2E3C0-7C39-4694-8CAA-ABEE28E004EB}"
EndProject
Global
	GlobalSection(SolutionConfigurationPlatforms) = preSolution
		Debug|Any CPU = Debug|Any CPU
		Debug|x64 = Debug|x64
		Debug|x86 = Debug|x86
		Release|Any CPU = Release|Any CPU
		Release|x64 = Release|x64
		Release|x86 = Release|x86
	EndGlobalSection
	GlobalSection(SolutionProperties) = preSolution
		HideSolutionNode = FALSE
	EndGlobalSection
	GlobalSection(ProjectConfigurationPlatforms) = postSolution
		{570E26C6-F0B0-4E23-B9A0-B16E73A7F5B0}.Debug|Any CPU.ActiveCfg = Debug|Any CPU
		{570E26C6-F0B0-4E23-B9A0-B16E73A7F5B0}.Debug|Any CPU.Build.0 = Debug|Any CPU
		{570E26C6-F0B0-4E23-B9A0-B16E73A7F5B0}.Debug|x64.ActiveCfg = Debug|Any CPU
		{570E26C6-F0B0-4E23-B9A0-B16E73A7F5B0}.Debug|x64.Build.0 = Debug|Any CPU
		{570E26C6-F0B0-4E23-B9A0-B16E73A7F5B0}.Debug|x86.ActiveCfg = Debug|Any CPU
		{570E26C6-F0B0-4E23-B9A0-B16E73A7F5B0}.Debug|x86.Build.0 = Debug|Any CPU
		{570E26C6-F0B0-4E23-B9A0-B16E73A7F5B0}.Release|Any CPU.ActiveCfg = Release|Any CPU
		{570E26C6-F0B0-4E23-B9A0-B16E73A7F5B0}.Release|Any CPU.Build.0 = Release|Any CPU
		{570E26C6-F0B0-4E23-B9A0-B16E73A7F5B0}.Release|x64.ActiveCfg = Release|Any CPU
		{570E26C6-F0B0-4E23-B9A0-B16E73A7F5B0}.Release|x64.Build.0 = Release|Any CPU
		{570E26C6-F0B0-4E23-B9A0-B16E73A7F5B0}.Release|x86.ActiveCfg = Release|Any CPU
		{570E26C6-F0B0-4E23-B9A0-B16E73A7F5B0}.Release|x86.Build.0 = Release|Any CPU
		{7CB65E3C-EF2D-4F6A-96D1-247B952C0A11}.Debug|Any CPU.ActiveCfg = Debug|Any CPU
		{7CB65E3C-EF2D-4F6A-96D1-247B952C0A11}.Debug|Any CPU.Build.0 = Debug|Any CPU
		{7CB65E3C-EF2D-4F6A-96D1-247B952C0A11}.Debug|x64.ActiveCfg = Debug|Any CPU
		{7CB65E3C-EF2D-4F6A-96D1-247B952C0A11}.Debug|x64.Build.0 = Debug|Any CPU
		{7CB65E3C-EF2D-4F6A-96D1-247B952C0A11}.Debug|x86.ActiveCfg = Debug|Any CPU
		{7CB65E3C-EF2D-4F6A-96D1-247B952C0A11}.Debug|x86.Build.0 = Debug|Any CPU
		{7CB65E3C-EF2D-4F6A-96D1-247B952C0A11}.Release|Any CPU.ActiveCfg = Release|Any CPU
		{7CB65E3C-EF2D-4F6A-96D1-247B952C0A11}.Release|Any CPU.Build.0 = Release|Any CPU
		{7CB65E3C-EF2D-4F6A-96D1-247B952C0A11}.Release|x64.ActiveCfg = Release|Any CPU
		{7CB65E3C-EF2D-4F6A-96D1-247B952C0A11}.Release|x64.Build.0 = Release|Any CPU
		{7CB65E3C-EF2D-4F6A-96D1-247B952C0A11}.Release|x86.ActiveCfg = Release|Any CPU
		{7CB65E3C-EF2D-4F6A-96D1-247B952C0A11}.Release|x86.Build.0 = Release|Any CPU
		{58D2E3C0-7C39-4694-8CAA-ABEE28E004EB}.Debug|Any CPU.ActiveCfg = Debug|Any CPU
		{58D2E3C0-7C39-4694-8CAA-ABEE28E004EB}.Debug|Any CPU.Build.0 = Debug|Any CPU
		{58D2E3C0-7C39-4694-8CAA-ABEE28E004EB}.Debug|x64.ActiveCfg = Debug|Any CPU
		{58D2E3C0-7C39-4694-8CAA-ABEE28E004EB}.Debug|x64.Build.0 = Debug|Any CPU
		{58D2E3C0-7C39-4694-8CAA-ABEE28E004EB}.Debug|x86.ActiveCfg = Debug|Any CPU
		{58D2E3C0-7C39-4694-8CAA-ABEE28E004EB}.Debug|x86.Build.0 = Debug|Any CPU
		{58D2E3C0-7C39-4694-8CAA-ABEE28E004EB}.Release|Any CPU.ActiveCfg = Release|Any CPU
		{58D2E3C0-7C39-4694-8CAA-ABEE28E004EB}.Release|Any CPU.Build.0 = Release|Any CPU
		{58D2E3C0-7C39-4694-8CAA-ABEE28E004EB}.Release|x64.ActiveCfg = Release|Any CPU
		{58D2E3C0-7C39-4694-8CAA-ABEE28E004EB}.Release|x64.Build.0 = Release|Any CPU
		{58D2E3C0-7C39-4694-8CAA-ABEE28E004EB}.Release|x86.ActiveCfg = Release|Any CPU
		{58D2E3C0-7C39-4694-8CAA-ABEE28E004EB}.Release|x86.Build.0 = Release|Any CPU
	EndGlobalSection
EndGlobal
